{
  "name": "@sylin-org/koi",
  "version": "1.0.0-rc.2",
  "lockfileVersion": 3,
  "requires": true,
  "packages": {
    "": {
      "name": "@sylin-org/koi",
      "version": "1.0.0-rc.2",
      "license": "MIT OR Apache-2.0",
      "bin": {
        "koi": "bin/koi.js"
      },
      "engines": {
        "node": ">=18"
      },
      "optionalDependencies": {
        "@sylin-org/koi-darwin-arm64": "1.0.0-rc.2",
        "@sylin-org/koi-darwin-x64": "1.0.0-rc.2",
        "@sylin-org/koi-linux-arm64": "1.0.0-rc.2",
        "@sylin-org/koi-linux-x64": "1.0.0-rc.2",
        "@sylin-org/koi-win32-arm64": "1.0.0-rc.2",
        "@sylin-org/koi-win32-x64": "1.0.0-rc.2"
      }
    },
    "node_modules/@sylin-org/koi-darwin-arm64": {
      "optional": true
    },
    "node_modules/@sylin-org/koi-darwin-x64": {
      "optional": true
    },
    "node_modules/@sylin-org/koi-linux-arm64": {
      "optional": true
    },
    "node_modules/@sylin-org/koi-linux-x64": {
      "optional": true
    },
    "node_modules/@sylin-org/koi-win32-arm64": {
      "optional": true
    },
    "node_modules/@sylin-org/koi-win32-x64": {
      "optional": true
    }
  }
}
