{
  "name": "@sylin-org/koi",
  "version": "1.0.0-rc.1",
  "lockfileVersion": 3,
  "requires": true,
  "packages": {
    "": {
      "name": "@sylin-org/koi",
      "version": "1.0.0-rc.1",
      "license": "MIT OR Apache-2.0",
      "bin": {
        "koi": "bin/koi.js"
      },
      "engines": {
        "node": ">=18"
      }
    }
  }
}
